# Generated by buf. DO NOT EDIT.
version: v1
deps:
  - remote: buf.build
    owner: streamingfast
    repository: substreams
    commit: 12ed6eced2bc4435a4891654a4359ad2
    digest: shake256:3ad5c77f4ff765f8f489507018708dbf52f1a3a770db4a8cfaceb9f94b9c37bcfd9b5e3c3693d7f605ab7b7327e684a80817dc204c916e62252dc84c506ad4e5
